
Microsoft Visual Studio Solution File, Format Version 12.00
# Visual Studio Version 16
VisualStudioVersion = 16.0.31005.135
MinimumVisualStudioVersion = 10.0.40219.1
Project("{FAE04EC0-301F-11D3-BF4B-00C04F79EFBC}") = "VCubWatcher", "VCubWatcher.csproj", "{F6D8C9FC-6EDF-4DD5-99EC-3DA12D05BF42}"
EndProject
Global
	GlobalSection(SolutionConfigurationPlatforms) = preSolution
		Debug|Any CPU = Debug|Any CPU
		Release|Any CPU = Release|Any CPU
	EndGlobalSection
	GlobalSection(ProjectConfigurationPlatforms) = postSolution
		{F6D8C9FC-6EDF-4DD5-99EC-3DA12D05BF42}.Debug|Any CPU.ActiveCfg = Debug|Any CPU
		{F6D8C9FC-6EDF-4DD5-99EC-3DA12D05BF42}.Debug|Any CPU.Build.0 = Debug|Any CPU
		{F6D8C9FC-6EDF-4DD5-99EC-3DA12D05BF42}.Release|Any CPU.ActiveCfg = Release|Any CPU
		{F6D8C9FC-6EDF-4DD5-99EC-3DA12D05BF42}.Release|Any CPU.Build.0 = Release|Any CPU
	EndGlobalSection
	GlobalSection(SolutionProperties) = preSolution
		HideSolutionNode = FALSE
	EndGlobalSection
	GlobalSection(ExtensibilityGlobals) = postSolution
		SolutionGuid = {D5BD3D7D-FFBA-453C-ABAD-856E114BFB57}
	EndGlobalSection
EndGlobal
